
Microsoft Visual Studio Solution File, Format Version 12.00
# Visual Studio Version 16
VisualStudioVersion = 16.0.29709.97
MinimumVisualStudioVersion = 10.0.40219.1
Project("{FAE04EC0-301F-11D3-BF4B-00C04F79EFBC}") = "AutoClicker", "AutoClicker\AutoClicker.csproj", "{2D625FEC-34D8-4469-87E7-56FEC1FA1870}"
EndProject
Global
	GlobalSection(SolutionConfigurationPlatforms) = preSolution
		Debug|Any CPU = Debug|Any CPU
		Release|Any CPU = Release|Any CPU
	EndGlobalSection
	GlobalSection(ProjectConfigurationPlatforms) = postSolution
		{2D625FEC-34D8-4469-87E7-56FEC1FA1870}.Debug|Any CPU.ActiveCfg = Debug|Any CPU
		{2D625FEC-34D8-4469-87E7-56FEC1FA1870}.Debug|Any CPU.Build.0 = Debug|Any CPU
		{2D625FEC-34D8-4469-87E7-56FEC1FA1870}.Release|Any CPU.ActiveCfg = Release|Any CPU
		{2D625FEC-34D8-4469-87E7-56FEC1FA1870}.Release|Any CPU.Build.0 = Release|Any CPU
	EndGlobalSection
	GlobalSection(SolutionProperties) = preSolution
		HideSolutionNode = FALSE
	EndGlobalSection
	GlobalSection(ExtensibilityGlobals) = postSolution
		SolutionGuid = {253F7191-00C4-4540-82A3-81ADC48CA100}
	EndGlobalSection
EndGlobal
